// !$*UTF8*$!
{
	archiveVersion = 1;
	classes = {
	};
	objectVersion = 56;
	objects = {

/* Begin PBXBuildFile section */
		AF0D6F532BFBC5C6003216D8 /* SecureTextField.swift in Sources */ = {isa = PBXBuildFile; fileRef = AF0D6F522BFBC5C6003216D8 /* SecureTextField.swift */; };
		AF0D6F552BFBCC00003216D8 /* DetailCardView.swift in Sources */ = {isa = PBXBuildFile; fileRef = AF0D6F542BFBCC00003216D8 /* DetailCardView.swift */; };
		AF0D6F572BFC434E003216D8 /* AuthenticationView.swift in Sources */ = {isa = PBXBuildFile; fileRef = AF0D6F562BFC434E003216D8 /* AuthenticationView.swift */; };
		AF0D6F5A2BFCD192003216D8 /* BankDetailsListView.swift in Sources */ = {isa = PBXBuildFile; fileRef = AF0D6F592BFCD192003216D8 /* BankDetailsListView.swift */; };
		AF0D6F5C2BFCD68D003216D8 /* AddBankDetailView.swift in Sources */ = {isa = PBXBuildFile; fileRef = AF0D6F5B2BFCD68D003216D8 /* AddBankDetailView.swift */; };
		AF0D6F5E2BFCD7FE003216D8 /* Card.swift in Sources */ = {isa = PBXBuildFile; fileRef = AF0D6F5D2BFCD7FE003216D8 /* Card.swift */; };
		AF0D6F602BFCDA33003216D8 /* Bank.swift in Sources */ = {isa = PBXBuildFile; fileRef = AF0D6F5F2BFCDA33003216D8 /* Bank.swift */; };
		AF0D6F622C00FBEA003216D8 /* BankCardView.swift in Sources */ = {isa = PBXBuildFile; fileRef = AF0D6F612C00FBEA003216D8 /* BankCardView.swift */; };
		AF0D6F642C018D1C003216D8 /* BankDetailsView.swift in Sources */ = {isa = PBXBuildFile; fileRef = AF0D6F632C018D1C003216D8 /* BankDetailsView.swift */; };
		AF2219082BFB586F00F5280C /* CardView.swift in Sources */ = {isa = PBXBuildFile; fileRef = AF2219072BFB586F00F5280C /* CardView.swift */; };
		AF2B43D52BFB497E00CAE746 /* ZWalletApp.swift in Sources */ = {isa = PBXBuildFile; fileRef = AF2B43D42BFB497E00CAE746 /* ZWalletApp.swift */; };
		AF2B43D72BFB497E00CAE746 /* ContentView.swift in Sources */ = {isa = PBXBuildFile; fileRef = AF2B43D62BFB497E00CAE746 /* ContentView.swift */; };
		AF2B43D92BFB498000CAE746 /* Assets.xcassets in Resources */ = {isa = PBXBuildFile; fileRef = AF2B43D82BFB498000CAE746 /* Assets.xcassets */; };
		AF2B43DC2BFB498000CAE746 /* Preview Assets.xcassets in Resources */ = {isa = PBXBuildFile; fileRef = AF2B43DB2BFB498000CAE746 /* Preview Assets.xcassets */; };
		AF2B43E32BFB4A7000CAE746 /* AddCardView.swift in Sources */ = {isa = PBXBuildFile; fileRef = AF2B43E22BFB4A7000CAE746 /* AddCardView.swift */; };
		AF2B43E52BFB4A9D00CAE746 /* CardListView.swift in Sources */ = {isa = PBXBuildFile; fileRef = AF2B43E42BFB4A9D00CAE746 /* CardListView.swift */; };
		AF2B43E72BFB4BE400CAE746 /* KeychainService.swift in Sources */ = {isa = PBXBuildFile; fileRef = AF2B43E62BFB4BE400CAE746 /* KeychainService.swift */; };
		AF2B43EA2BFB519F00CAE746 /* KeychainAccess in Frameworks */ = {isa = PBXBuildFile; productRef = AF2B43E92BFB519F00CAE746 /* KeychainAccess */; };
/* End PBXBuildFile section */

/* Begin PBXFileReference section */
		AF0D6F522BFBC5C6003216D8 /* SecureTextField.swift */ = {isa = PBXFileReference; lastKnownFileType = sourcecode.swift; path = SecureTextField.swift; sourceTree = "<group>"; };
		AF0D6F542BFBCC00003216D8 /* DetailCardView.swift */ = {isa = PBXFileReference; lastKnownFileType = sourcecode.swift; path = DetailCardView.swift; sourceTree = "<group>"; };
		AF0D6F562BFC434E003216D8 /* AuthenticationView.swift */ = {isa = PBXFileReference; lastKnownFileType = sourcecode.swift; path = AuthenticationView.swift; sourceTree = "<group>"; };
		AF0D6F592BFCD192003216D8 /* BankDetailsListView.swift */ = {isa = PBXFileReference; lastKnownFileType = sourcecode.swift; path = BankDetailsListView.swift; sourceTree = "<group>"; };
		AF0D6F5B2BFCD68D003216D8 /* AddBankDetailView.swift */ = {isa = PBXFileReference; lastKnownFileType = sourcecode.swift; path = AddBankDetailView.swift; sourceTree = "<group>"; };
		AF0D6F5D2BFCD7FE003216D8 /* Card.swift */ = {isa = PBXFileReference; lastKnownFileType = sourcecode.swift; path = Card.swift; sourceTree = "<group>"; };
		AF0D6F5F2BFCDA33003216D8 /* Bank.swift */ = {isa = PBXFileReference; lastKnownFileType = sourcecode.swift; path = Bank.swift; sourceTree = "<group>"; };
		AF0D6F612C00FBEA003216D8 /* BankCardView.swift */ = {isa = PBXFileReference; lastKnownFileType = sourcecode.swift; path = BankCardView.swift; sourceTree = "<group>"; };
		AF0D6F632C018D1C003216D8 /* BankDetailsView.swift */ = {isa = PBXFileReference; lastKnownFileType = sourcecode.swift; path = BankDetailsView.swift; sourceTree = "<group>"; };
		AF2219072BFB586F00F5280C /* CardView.swift */ = {isa = PBXFileReference; lastKnownFileType = sourcecode.swift; path = CardView.swift; sourceTree = "<group>"; };
		AF2B43D12BFB497E00CAE746 /* ZWallet.app */ = {isa = PBXFileReference; explicitFileType = wrapper.application; includeInIndex = 0; path = ZWallet.app; sourceTree = BUILT_PRODUCTS_DIR; };
		AF2B43D42BFB497E00CAE746 /* ZWalletApp.swift */ = {isa = PBXFileReference; lastKnownFileType = sourcecode.swift; path = ZWalletApp.swift; sourceTree = "<group>"; };
		AF2B43D62BFB497E00CAE746 /* ContentView.swift */ = {isa = PBXFileReference; lastKnownFileType = sourcecode.swift; path = ContentView.swift; sourceTree = "<group>"; };
		AF2B43D82BFB498000CAE746 /* Assets.xcassets */ = {isa = PBXFileReference; lastKnownFileType = folder.assetcatalog; path = Assets.xcassets; sourceTree = "<group>"; };
		AF2B43DB2BFB498000CAE746 /* Preview Assets.xcassets */ = {isa = PBXFileReference; lastKnownFileType = folder.assetcatalog; path = "Preview Assets.xcassets"; sourceTree = "<group>"; };
		AF2B43E22BFB4A7000CAE746 /* AddCardView.swift */ = {isa = PBXFileReference; lastKnownFileType = sourcecode.swift; path = AddCardView.swift; sourceTree = "<group>"; };
		AF2B43E42BFB4A9D00CAE746 /* CardListView.swift */ = {isa = PBXFileReference; lastKnownFileType = sourcecode.swift; path = CardListView.swift; sourceTree = "<group>"; };
		AF2B43E62BFB4BE400CAE746 /* KeychainService.swift */ = {isa = PBXFileReference; lastKnownFileType = sourcecode.swift; path = KeychainService.swift; sourceTree = "<group>"; };
/* End PBXFileReference section */

/* Begin PBXFrameworksBuildPhase section */
		AF2B43CE2BFB497E00CAE746 /* Frameworks */ = {
			isa = PBXFrameworksBuildPhase;
			buildActionMask = 2147483647;
			files = (
				AF2B43EA2BFB519F00CAE746 /* KeychainAccess in Frameworks */,
			);
			runOnlyForDeploymentPostprocessing = 0;
		};
/* End PBXFrameworksBuildPhase section */

/* Begin PBXGroup section */
		AF2B43C82BFB497E00CAE746 = {
			isa = PBXGroup;
			children = (
				AF2B43D32BFB497E00CAE746 /* ZWallet */,
				AF2B43D22BFB497E00CAE746 /* Products */,
			);
			sourceTree = "<group>";
		};
		AF2B43D22BFB497E00CAE746 /* Products */ = {
			isa = PBXGroup;
			children = (
				AF2B43D12BFB497E00CAE746 /* ZWallet.app */,
			);
			name = Products;
			sourceTree = "<group>";
		};
		AF2B43D32BFB497E00CAE746 /* ZWallet */ = {
			isa = PBXGroup;
			children = (
				AF2B43E42BFB4A9D00CAE746 /* CardListView.swift */,
				AF2B43D42BFB497E00CAE746 /* ZWalletApp.swift */,
				AF2B43D62BFB497E00CAE746 /* ContentView.swift */,
				AF0D6F5B2BFCD68D003216D8 /* AddBankDetailView.swift */,
				AF0D6F5D2BFCD7FE003216D8 /* Card.swift */,
				AF0D6F5F2BFCDA33003216D8 /* Bank.swift */,
				AF0D6F542BFBCC00003216D8 /* DetailCardView.swift */,
				AF0D6F592BFCD192003216D8 /* BankDetailsListView.swift */,
				AF0D6F562BFC434E003216D8 /* AuthenticationView.swift */,
				AF0D6F522BFBC5C6003216D8 /* SecureTextField.swift */,
				AF0D6F632C018D1C003216D8 /* BankDetailsView.swift */,
				AF2B43D82BFB498000CAE746 /* Assets.xcassets */,
				AF2B43DA2BFB498000CAE746 /* Preview Content */,
				AF2B43E22BFB4A7000CAE746 /* AddCardView.swift */,
				AF2219072BFB586F00F5280C /* CardView.swift */,
				AF2B43E62BFB4BE400CAE746 /* KeychainService.swift */,
				AF0D6F612C00FBEA003216D8 /* BankCardView.swift */,
			);
			path = ZWallet;
			sourceTree = "<group>";
		};
		AF2B43DA2BFB498000CAE746 /* Preview Content */ = {
			isa = PBXGroup;
			children = (
				AF2B43DB2BFB498000CAE746 /* Preview Assets.xcassets */,
			);
			path = "Preview Content";
			sourceTree = "<group>";
		};
/* End PBXGroup section */

/* Begin PBXNativeTarget section */
		AF2B43D02BFB497E00CAE746 /* ZWallet */ = {
			isa = PBXNativeTarget;
			buildConfigurationList = AF2B43DF2BFB498000CAE746 /* Build configuration list for PBXNativeTarget "ZWallet" */;
			buildPhases = (
				AF2B43CD2BFB497E00CAE746 /* Sources */,
				AF2B43CE2BFB497E00CAE746 /* Frameworks */,
				AF2B43CF2BFB497E00CAE746 /* Resources */,
			);
			buildRules = (
			);
			dependencies = (
			);
			name = ZWallet;
			packageProductDependencies = (
				AF2B43E92BFB519F00CAE746 /* KeychainAccess */,
			);
			productName = ZWallet;
			productReference = AF2B43D12BFB497E00CAE746 /* ZWallet.app */;
			productType = "com.apple.product-type.application";
		};
/* End PBXNativeTarget section */

/* Begin PBXProject section */
		AF2B43C92BFB497E00CAE746 /* Project object */ = {
			isa = PBXProject;
			attributes = {
				BuildIndependentTargetsInParallel = 1;
				LastSwiftUpdateCheck = 1540;
				LastUpgradeCheck = 1540;
				TargetAttributes = {
					AF2B43D02BFB497E00CAE746 = {
						CreatedOnToolsVersion = 15.4;
					};
				};
			};
			buildConfigurationList = AF2B43CC2BFB497E00CAE746 /* Build configuration list for PBXProject "ZWallet" */;
			compatibilityVersion = "Xcode 14.0";
			developmentRegion = en;
			hasScannedForEncodings = 0;
			knownRegions = (
				en,
				Base,
			);
			mainGroup = AF2B43C82BFB497E00CAE746;
			packageReferences = (
				AF2B43E82BFB519F00CAE746 /* XCRemoteSwiftPackageReference "KeychainAccess" */,
			);
			productRefGroup = AF2B43D22BFB497E00CAE746 /* Products */;
			projectDirPath = "";
			projectRoot = "";
			targets = (
				AF2B43D02BFB497E00CAE746 /* ZWallet */,
			);
		};
/* End PBXProject section */

/* Begin PBXResourcesBuildPhase section */
		AF2B43CF2BFB497E00CAE746 /* Resources */ = {
			isa = PBXResourcesBuildPhase;
			buildActionMask = 2147483647;
			files = (
				AF2B43DC2BFB498000CAE746 /* Preview Assets.xcassets in Resources */,
				AF2B43D92BFB498000CAE746 /* Assets.xcassets in Resources */,
			);
			runOnlyForDeploymentPostprocessing = 0;
		};
/* End PBXResourcesBuildPhase section */

/* Begin PBXSourcesBuildPhase section */
		AF2B43CD2BFB497E00CAE746 /* Sources */ = {
			isa = PBXSourcesBuildPhase;
			buildActionMask = 2147483647;
			files = (
				AF0D6F622C00FBEA003216D8 /* BankCardView.swift in Sources */,
				AF2B43D72BFB497E00CAE746 /* ContentView.swift in Sources */,
				AF2B43D52BFB497E00CAE746 /* ZWalletApp.swift in Sources */,
				AF2B43E52BFB4A9D00CAE746 /* CardListView.swift in Sources */,
				AF0D6F5C2BFCD68D003216D8 /* AddBankDetailView.swift in Sources */,
				AF2B43E72BFB4BE400CAE746 /* KeychainService.swift in Sources */,
				AF0D6F532BFBC5C6003216D8 /* SecureTextField.swift in Sources */,
				AF0D6F5A2BFCD192003216D8 /* BankDetailsListView.swift in Sources */,
				AF0D6F5E2BFCD7FE003216D8 /* Card.swift in Sources */,
				AF0D6F572BFC434E003216D8 /* AuthenticationView.swift in Sources */,
				AF0D6F642C018D1C003216D8 /* BankDetailsView.swift in Sources */,
				AF2219082BFB586F00F5280C /* CardView.swift in Sources */,
				AF2B43E32BFB4A7000CAE746 /* AddCardView.swift in Sources */,
				AF0D6F602BFCDA33003216D8 /* Bank.swift in Sources */,
				AF0D6F552BFBCC00003216D8 /* DetailCardView.swift in Sources */,
			);
			runOnlyForDeploymentPostprocessing = 0;
		};
/* End PBXSourcesBuildPhase section */

/* Begin XCBuildConfiguration section */
		AF2B43DD2BFB498000CAE746 /* Debug */ = {
			isa = XCBuildConfiguration;
			buildSettings = {
				ALWAYS_SEARCH_USER_PATHS = NO;
				ASSETCATALOG_COMPILER_GENERATE_SWIFT_ASSET_SYMBOL_EXTENSIONS = YES;
				CLANG_ANALYZER_NONNULL = YES;
				CLANG_ANALYZER_NUMBER_OBJECT_CONVERSION = YES_AGGRESSIVE;
				CLANG_CXX_LANGUAGE_STANDARD = "gnu++20";
				CLANG_ENABLE_MODULES = YES;
				CLANG_ENABLE_OBJC_ARC = YES;
				CLANG_ENABLE_OBJC_WEAK = YES;
				CLANG_WARN_BLOCK_CAPTURE_AUTORELEASING = YES;
				CLANG_WARN_BOOL_CONVERSION = YES;
				CLANG_WARN_COMMA = YES;
				CLANG_WARN_CONSTANT_CONVERSION = YES;
				CLANG_WARN_DEPRECATED_OBJC_IMPLEMENTATIONS = YES;
				CLANG_WARN_DIRECT_OBJC_ISA_USAGE = YES_ERROR;
				CLANG_WARN_DOCUMENTATION_COMMENTS = YES;
				CLANG_WARN_EMPTY_BODY = YES;
				CLANG_WARN_ENUM_CONVERSION = YES;
				CLANG_WARN_INFINITE_RECURSION = YES;
				CLANG_WARN_INT_CONVERSION = YES;
				CLANG_WARN_NON_LITERAL_NULL_CONVERSION = YES;
				CLANG_WARN_OBJC_IMPLICIT_RETAIN_SELF = YES;
				CLANG_WARN_OBJC_LITERAL_CONVERSION = YES;
				CLANG_WARN_OBJC_ROOT_CLASS = YES_ERROR;
				CLANG_WARN_QUOTED_INCLUDE_IN_FRAMEWORK_HEADER = YES;
				CLANG_WARN_RANGE_LOOP_ANALYSIS = YES;
				CLANG_WARN_STRICT_PROTOTYPES = YES;
				CLANG_WARN_SUSPICIOUS_MOVE = YES;
				CLANG_WARN_UNGUARDED_AVAILABILITY = YES_AGGRESSIVE;
				CLANG_WARN_UNREACHABLE_CODE = YES;
				CLANG_WARN__DUPLICATE_METHOD_MATCH = YES;
				COPY_PHASE_STRIP = NO;
				DEBUG_INFORMATION_FORMAT = dwarf;
				ENABLE_STRICT_OBJC_MSGSEND = YES;
				ENABLE_TESTABILITY = YES;
				ENABLE_USER_SCRIPT_SANDBOXING = YES;
				GCC_C_LANGUAGE_STANDARD = gnu17;
				GCC_DYNAMIC_NO_PIC = NO;
				GCC_NO_COMMON_BLOCKS = YES;
				GCC_OPTIMIZATION_LEVEL = 0;
				GCC_PREPROCESSOR_DEFINITIONS = (
					"DEBUG=1",
					"$(inherited)",
				);
				GCC_WARN_64_TO_32_BIT_CONVERSION = YES;
				GCC_WARN_ABOUT_RETURN_TYPE = YES_ERROR;
				GCC_WARN_UNDECLARED_SELECTOR = YES;
				GCC_WARN_UNINITIALIZED_AUTOS = YES_AGGRESSIVE;
				GCC_WARN_UNUSED_FUNCTION = YES;
				GCC_WARN_UNUSED_VARIABLE = YES;
				IPHONEOS_DEPLOYMENT_TARGET = 17.5;
				LOCALIZATION_PREFERS_STRING_CATALOGS = YES;
				MTL_ENABLE_DEBUG_INFO = INCLUDE_SOURCE;
				MTL_FAST_MATH = YES;
				ONLY_ACTIVE_ARCH = YES;
				SDKROOT = iphoneos;
				SWIFT_ACTIVE_COMPILATION_CONDITIONS = "DEBUG $(inherited)";
				SWIFT_OPTIMIZATION_LEVEL = "-Onone";
			};
			name = Debug;
		};
		AF2B43DE2BFB498000CAE746 /* Release */ = {
			isa = XCBuildConfiguration;
			buildSettings = {
				ALWAYS_SEARCH_USER_PATHS = NO;
				ASSETCATALOG_COMPILER_GENERATE_SWIFT_ASSET_SYMBOL_EXTENSIONS = YES;
				CLANG_ANALYZER_NONNULL = YES;
				CLANG_ANALYZER_NUMBER_OBJECT_CONVERSION = YES_AGGRESSIVE;
				CLANG_CXX_LANGUAGE_STANDARD = "gnu++20";
				CLANG_ENABLE_MODULES = YES;
				CLANG_ENABLE_OBJC_ARC = YES;
				CLANG_ENABLE_OBJC_WEAK = YES;
				CLANG_WARN_BLOCK_CAPTURE_AUTORELEASING = YES;
				CLANG_WARN_BOOL_CONVERSION = YES;
				CLANG_WARN_COMMA = YES;
				CLANG_WARN_CONSTANT_CONVERSION = YES;
				CLANG_WARN_DEPRECATED_OBJC_IMPLEMENTATIONS = YES;
				CLANG_WARN_DIRECT_OBJC_ISA_USAGE = YES_ERROR;
				CLANG_WARN_DOCUMENTATION_COMMENTS = YES;
				CLANG_WARN_EMPTY_BODY = YES;
				CLANG_WARN_ENUM_CONVERSION = YES;
				CLANG_WARN_INFINITE_RECURSION = YES;
				CLANG_WARN_INT_CONVERSION = YES;
				CLANG_WARN_NON_LITERAL_NULL_CONVERSION = YES;
				CLANG_WARN_OBJC_IMPLICIT_RETAIN_SELF = YES;
				CLANG_WARN_OBJC_LITERAL_CONVERSION = YES;
				CLANG_WARN_OBJC_ROOT_CLASS = YES_ERROR;
				CLANG_WARN_QUOTED_INCLUDE_IN_FRAMEWORK_HEADER = YES;
				CLANG_WARN_RANGE_LOOP_ANALYSIS = YES;
				CLANG_WARN_STRICT_PROTOTYPES = YES;
				CLANG_WARN_SUSPICIOUS_MOVE = YES;
				CLANG_WARN_UNGUARDED_AVAILABILITY = YES_AGGRESSIVE;
				CLANG_WARN_UNREACHABLE_CODE = YES;
				CLANG_WARN__DUPLICATE_METHOD_MATCH = YES;
				COPY_PHASE_STRIP = NO;
				DEBUG_INFORMATION_FORMAT = "dwarf-with-dsym";
				ENABLE_NS_ASSERTIONS = NO;
				ENABLE_STRICT_OBJC_MSGSEND = YES;
				ENABLE_USER_SCRIPT_SANDBOXING = YES;
				GCC_C_LANGUAGE_STANDARD = gnu17;
				GCC_NO_COMMON_BLOCKS = YES;
				GCC_WARN_64_TO_32_BIT_CONVERSION = YES;
				GCC_WARN_ABOUT_RETURN_TYPE = YES_ERROR;
				GCC_WARN_UNDECLARED_SELECTOR = YES;
				GCC_WARN_UNINITIALIZED_AUTOS = YES_AGGRESSIVE;
				GCC_WARN_UNUSED_FUNCTION = YES;
				GCC_WARN_UNUSED_VARIABLE = YES;
				IPHONEOS_DEPLOYMENT_TARGET = 17.5;
				LOCALIZATION_PREFERS_STRING_CATALOGS = YES;
				MTL_ENABLE_DEBUG_INFO = NO;
				MTL_FAST_MATH = YES;
				SDKROOT = iphoneos;
				SWIFT_COMPILATION_MODE = wholemodule;
				VALIDATE_PRODUCT = YES;
			};
			name = Release;
		};
		AF2B43E02BFB498000CAE746 /* Debug */ = {
			isa = XCBuildConfiguration;
			buildSettings = {
				ASSETCATALOG_COMPILER_APPICON_NAME = AppIcon;
				ASSETCATALOG_COMPILER_GLOBAL_ACCENT_COLOR_NAME = AccentColor;
				CODE_SIGN_STYLE = Automatic;
				CURRENT_PROJECT_VERSION = 1;
				DEVELOPMENT_ASSET_PATHS = "\"ZWallet/Preview Content\"";
				DEVELOPMENT_TEAM = 439AQJ39Z6;
				ENABLE_PREVIEWS = YES;
				GENERATE_INFOPLIST_FILE = YES;
				INFOPLIST_KEY_NSFaceIDUsageDescription = "This app uses Face ID to authenticate the user securely.";
				INFOPLIST_KEY_UIApplicationSceneManifest_Generation = YES;
				INFOPLIST_KEY_UIApplicationSupportsIndirectInputEvents = YES;
				INFOPLIST_KEY_UILaunchScreen_Generation = YES;
				INFOPLIST_KEY_UISupportedInterfaceOrientations_iPad = "UIInterfaceOrientationPortrait UIInterfaceOrientationPortraitUpsideDown UIInterfaceOrientationLandscapeLeft UIInterfaceOrientationLandscapeRight";
				INFOPLIST_KEY_UISupportedInterfaceOrientations_iPhone = "UIInterfaceOrientationPortrait UIInterfaceOrientationLandscapeLeft UIInterfaceOrientationLandscapeRight";
				LD_RUNPATH_SEARCH_PATHS = (
					"$(inherited)",
					"@executable_path/Frameworks",
				);
				MARKETING_VERSION = 1.0;
				PRODUCT_BUNDLE_IDENTIFIER = com.studzim.best.ZWallet;
				PRODUCT_NAME = "$(TARGET_NAME)";
				SWIFT_EMIT_LOC_STRINGS = YES;
				SWIFT_VERSION = 5.0;
				TARGETED_DEVICE_FAMILY = "1,2";
			};
			name = Debug;
		};
		AF2B43E12BFB498000CAE746 /* Release */ = {
			isa = XCBuildConfiguration;
			buildSettings = {
				ASSETCATALOG_COMPILER_APPICON_NAME = AppIcon;
				ASSETCATALOG_COMPILER_GLOBAL_ACCENT_COLOR_NAME = AccentColor;
				CODE_SIGN_STYLE = Automatic;
				CURRENT_PROJECT_VERSION = 1;
				DEVELOPMENT_ASSET_PATHS = "\"ZWallet/Preview Content\"";
				DEVELOPMENT_TEAM = 439AQJ39Z6;
				ENABLE_PREVIEWS = YES;
				GENERATE_INFOPLIST_FILE = YES;
				INFOPLIST_KEY_NSFaceIDUsageDescription = "This app uses Face ID to authenticate the user securely.";
				INFOPLIST_KEY_UIApplicationSceneManifest_Generation = YES;
				INFOPLIST_KEY_UIApplicationSupportsIndirectInputEvents = YES;
				INFOPLIST_KEY_UILaunchScreen_Generation = YES;
				INFOPLIST_KEY_UISupportedInterfaceOrientations_iPad = "UIInterfaceOrientationPortrait UIInterfaceOrientationPortraitUpsideDown UIInterfaceOrientationLandscapeLeft UIInterfaceOrientationLandscapeRight";
				INFOPLIST_KEY_UISupportedInterfaceOrientations_iPhone = "UIInterfaceOrientationPortrait UIInterfaceOrientationLandscapeLeft UIInterfaceOrientationLandscapeRight";
				LD_RUNPATH_SEARCH_PATHS = (
					"$(inherited)",
					"@executable_path/Frameworks",
				);
				MARKETING_VERSION = 1.0;
				PRODUCT_BUNDLE_IDENTIFIER = com.studzim.best.ZWallet;
				PRODUCT_NAME = "$(TARGET_NAME)";
				SWIFT_EMIT_LOC_STRINGS = YES;
				SWIFT_VERSION = 5.0;
				TARGETED_DEVICE_FAMILY = "1,2";
			};
			name = Release;
		};
/* End XCBuildConfiguration section */

/* Begin XCConfigurationList section */
		AF2B43CC2BFB497E00CAE746 /* Build configuration list for PBXProject "ZWallet" */ = {
			isa = XCConfigurationList;
			buildConfigurations = (
				AF2B43DD2BFB498000CAE746 /* Debug */,
				AF2B43DE2BFB498000CAE746 /* Release */,
			);
			defaultConfigurationIsVisible = 0;
			defaultConfigurationName = Release;
		};
		AF2B43DF2BFB498000CAE746 /* Build configuration list for PBXNativeTarget "ZWallet" */ = {
			isa = XCConfigurationList;
			buildConfigurations = (
				AF2B43E02BFB498000CAE746 /* Debug */,
				AF2B43E12BFB498000CAE746 /* Release */,
			);
			defaultConfigurationIsVisible = 0;
			defaultConfigurationName = Release;
		};
/* End XCConfigurationList section */

/* Begin XCRemoteSwiftPackageReference section */
		AF2B43E82BFB519F00CAE746 /* XCRemoteSwiftPackageReference "KeychainAccess" */ = {
			isa = XCRemoteSwiftPackageReference;
			repositoryURL = "https://github.com/kishikawakatsumi/KeychainAccess.git";
			requirement = {
				branch = master;
				kind = branch;
			};
		};
/* End XCRemoteSwiftPackageReference section */

/* Begin XCSwiftPackageProductDependency section */
		AF2B43E92BFB519F00CAE746 /* KeychainAccess */ = {
			isa = XCSwiftPackageProductDependency;
			package = AF2B43E82BFB519F00CAE746 /* XCRemoteSwiftPackageReference "KeychainAccess" */;
			productName = KeychainAccess;
		};
/* End XCSwiftPackageProductDependency section */
	};
	rootObject = AF2B43C92BFB497E00CAE746 /* Project object */;
}
